
Microsoft Visual Studio Solution File, Format Version 12.00
# Visual Studio Version 17
VisualStudioVersion = 17.14.36121.58
MinimumVisualStudioVersion = 10.0.40219.1
Project("{2150E333-8FDC-42A3-9474-1A3956D46DE8}") = "Aspire", "Aspire", "{02EA681E-C7D8-13C7-8484-4AC65E1B71E8}"
EndProject
Project("{2150E333-8FDC-42A3-9474-1A3956D46DE8}") = "UI", "UI", "{7C3FDBD7-0F42-4FE0-9690-BE5C41E2C934}"
EndProject
Project("{FAE04EC0-301F-11D3-BF4B-00C04F79EFBC}") = "SchulBib.Aspire.AppHost", "SchulBib.Aspire\SchulBib.Aspire.AppHost\SchulBib.Aspire.AppHost.csproj", "{96B7DE35-7190-4F5A-9580-285991671B98}"
EndProject
Project("{FAE04EC0-301F-11D3-BF4B-00C04F79EFBC}") = "SchulBib.Aspire.ServiceDefaults", "SchulBib.Aspire\SchulBib.Aspire.ServiceDefaults\SchulBib.Aspire.ServiceDefaults.csproj", "{3B164DCE-0616-C59E-4F3E-C9AEC15AD595}"
EndProject
Project("{2150E333-8FDC-42A3-9474-1A3956D46DE8}") = "Student", "Student", "{1061C43F-7CB7-4D75-9BA3-45E5181DBBF6}"
EndProject
Project("{FAE04EC0-301F-11D3-BF4B-00C04F79EFBC}") = "SchulBib.Maui.Student", "SchulBib.Maui.Student\SchulBib.Maui.Student.csproj", "{C7217C22-51EF-49E5-9FB1-AAD2769BE98C}"
EndProject
Project("{2150E333-8FDC-42A3-9474-1A3956D46DE8}") = "Admin", "Admin", "{38856ACC-7C49-4FCB-97AF-D4945D80F59C}"
EndProject
Project("{FAE04EC0-301F-11D3-BF4B-00C04F79EFBC}") = "SchulBib.Maui.Admin", "SchulBib.Maui.Admin\SchulBib.Maui.Admin.csproj", "{741EA468-FD84-4E9F-BA26-72DF3A048BA8}"
EndProject
Project("{FAE04EC0-301F-11D3-BF4B-00C04F79EFBC}") = "SchulBib.Maui.Shared", "SchulBib.Maui.Shared\SchulBib.Maui.Shared.csproj", "{FAAEE430-6040-480F-A791-B3D0B5D5A3B1}"
EndProject
Project("{2150E333-8FDC-42A3-9474-1A3956D46DE8}") = "Backend", "Backend", "{B7F97FF2-250D-4BB5-BAD2-8301C3C3A446}"
EndProject
Project("{FAE04EC0-301F-11D3-BF4B-00C04F79EFBC}") = "SchulBib.Backend", "SchulBib.Backend\SchulBib.Backend.csproj", "{1439B137-1D44-595C-EF47-0EF3FA5FA2A9}"
EndProject
Project("{FAE04EC0-301F-11D3-BF4B-00C04F79EFBC}") = "SchulBib.Data", "SchulBib.Data\SchulBib.Data.csproj", "{DC3B6E55-AD7A-4565-B722-0933F9CF5F3C}"
EndProject
Project("{FAE04EC0-301F-11D3-BF4B-00C04F79EFBC}") = "SchulBib.Models", "SchulBib.Models\SchulBib.Models.csproj", "{0B12DEA1-002C-40DB-BA0A-74C979846C7A}"
EndProject
Project("{FAE04EC0-301F-11D3-BF4B-00C04F79EFBC}") = "SchulBib.ViewModels", "SchulBib.ViewModels\SchulBib.ViewModels.csproj", "{8C76EEE6-7AB9-474A-84C1-9A949543896B}"
EndProject
Project("{FAE04EC0-301F-11D3-BF4B-00C04F79EFBC}") = "SchulBib.Services", "SchulBib.Services\SchulBib.Services.csproj", "{0C60E30D-3907-4CCA-B1F5-920A65A5E7AE}"
EndProject
Project("{FAE04EC0-301F-11D3-BF4B-00C04F79EFBC}") = "SchulBib.Maui.Admin.Views", "SchulBib.Maui.Admin.Views\SchulBib.Maui.Admin.Views.csproj", "{0746F39C-25A5-49AC-B68B-43569B3CEEC5}"
EndProject
Project("{FAE04EC0-301F-11D3-BF4B-00C04F79EFBC}") = "SchulBib.Maui.Admin.Services", "SchulBib.Maui.Admin.Services\SchulBib.Maui.Admin.Services.csproj", "{F5107105-5881-4ED1-87BC-36B610E86162}"
EndProject
Project("{FAE04EC0-301F-11D3-BF4B-00C04F79EFBC}") = "SchulBib.Maui.Student.Views", "SchulBib.Maui.Student.Views\SchulBib.Maui.Student.Views.csproj", "{836E4E18-F35C-40A9-BE74-885B7CD3E3E3}"
EndProject
Project("{FAE04EC0-301F-11D3-BF4B-00C04F79EFBC}") = "SchulBib.Maui.Student.Services", "SchulBib.Maui.Student.Services\SchulBib.Maui.Student.Services.csproj", "{11F46F86-44B6-4CBA-8AA9-627EDD98242B}"
EndProject
Project("{2150E333-8FDC-42A3-9474-1A3956D46DE8}") = "ProjectFiles", "ProjectFiles", "{808424CE-DA1E-4107-ABBA-B4EA6B30EB32}"
	ProjectSection(SolutionItems) = preProject
		CleanBinObj.bat = CleanBinObj.bat
		projects.props = projects.props
	EndProjectSection
EndProject
Project("{2150E333-8FDC-42A3-9474-1A3956D46DE8}") = "Test", "Test", "{C22EDCE7-FEA8-4B0E-B920-C1D0B4E56CDF}"
EndProject
Global
	GlobalSection(SolutionConfigurationPlatforms) = preSolution
		Debug|Any CPU = Debug|Any CPU
		Release|Any CPU = Release|Any CPU
	EndGlobalSection
	GlobalSection(ProjectConfigurationPlatforms) = postSolution
		{96B7DE35-7190-4F5A-9580-285991671B98}.Debug|Any CPU.ActiveCfg = Debug|Any CPU
		{96B7DE35-7190-4F5A-9580-285991671B98}.Debug|Any CPU.Build.0 = Debug|Any CPU
		{96B7DE35-7190-4F5A-9580-285991671B98}.Release|Any CPU.ActiveCfg = Release|Any CPU
		{96B7DE35-7190-4F5A-9580-285991671B98}.Release|Any CPU.Build.0 = Release|Any CPU
		{3B164DCE-0616-C59E-4F3E-C9AEC15AD595}.Debug|Any CPU.ActiveCfg = Debug|Any CPU
		{3B164DCE-0616-C59E-4F3E-C9AEC15AD595}.Debug|Any CPU.Build.0 = Debug|Any CPU
		{3B164DCE-0616-C59E-4F3E-C9AEC15AD595}.Release|Any CPU.ActiveCfg = Release|Any CPU
		{3B164DCE-0616-C59E-4F3E-C9AEC15AD595}.Release|Any CPU.Build.0 = Release|Any CPU
		{C7217C22-51EF-49E5-9FB1-AAD2769BE98C}.Debug|Any CPU.ActiveCfg = Debug|Any CPU
		{C7217C22-51EF-49E5-9FB1-AAD2769BE98C}.Debug|Any CPU.Build.0 = Debug|Any CPU
		{C7217C22-51EF-49E5-9FB1-AAD2769BE98C}.Debug|Any CPU.Deploy.0 = Debug|Any CPU
		{C7217C22-51EF-49E5-9FB1-AAD2769BE98C}.Release|Any CPU.ActiveCfg = Release|Any CPU
		{C7217C22-51EF-49E5-9FB1-AAD2769BE98C}.Release|Any CPU.Build.0 = Release|Any CPU
		{741EA468-FD84-4E9F-BA26-72DF3A048BA8}.Debug|Any CPU.ActiveCfg = Debug|Any CPU
		{741EA468-FD84-4E9F-BA26-72DF3A048BA8}.Debug|Any CPU.Build.0 = Debug|Any CPU
		{741EA468-FD84-4E9F-BA26-72DF3A048BA8}.Debug|Any CPU.Deploy.0 = Debug|Any CPU
		{741EA468-FD84-4E9F-BA26-72DF3A048BA8}.Release|Any CPU.ActiveCfg = Release|Any CPU
		{741EA468-FD84-4E9F-BA26-72DF3A048BA8}.Release|Any CPU.Build.0 = Release|Any CPU
		{FAAEE430-6040-480F-A791-B3D0B5D5A3B1}.Debug|Any CPU.ActiveCfg = Debug|Any CPU
		{FAAEE430-6040-480F-A791-B3D0B5D5A3B1}.Debug|Any CPU.Build.0 = Debug|Any CPU
		{FAAEE430-6040-480F-A791-B3D0B5D5A3B1}.Debug|Any CPU.Deploy.0 = Debug|Any CPU
		{FAAEE430-6040-480F-A791-B3D0B5D5A3B1}.Release|Any CPU.ActiveCfg = Release|Any CPU
		{FAAEE430-6040-480F-A791-B3D0B5D5A3B1}.Release|Any CPU.Build.0 = Release|Any CPU
		{1439B137-1D44-595C-EF47-0EF3FA5FA2A9}.Debug|Any CPU.ActiveCfg = Debug|Any CPU
		{1439B137-1D44-595C-EF47-0EF3FA5FA2A9}.Debug|Any CPU.Build.0 = Debug|Any CPU
		{1439B137-1D44-595C-EF47-0EF3FA5FA2A9}.Release|Any CPU.ActiveCfg = Release|Any CPU
		{1439B137-1D44-595C-EF47-0EF3FA5FA2A9}.Release|Any CPU.Build.0 = Release|Any CPU
		{DC3B6E55-AD7A-4565-B722-0933F9CF5F3C}.Debug|Any CPU.ActiveCfg = Debug|Any CPU
		{DC3B6E55-AD7A-4565-B722-0933F9CF5F3C}.Debug|Any CPU.Build.0 = Debug|Any CPU
		{DC3B6E55-AD7A-4565-B722-0933F9CF5F3C}.Release|Any CPU.ActiveCfg = Release|Any CPU
		{DC3B6E55-AD7A-4565-B722-0933F9CF5F3C}.Release|Any CPU.Build.0 = Release|Any CPU
		{0B12DEA1-002C-40DB-BA0A-74C979846C7A}.Debug|Any CPU.ActiveCfg = Debug|Any CPU
		{0B12DEA1-002C-40DB-BA0A-74C979846C7A}.Debug|Any CPU.Build.0 = Debug|Any CPU
		{0B12DEA1-002C-40DB-BA0A-74C979846C7A}.Release|Any CPU.ActiveCfg = Release|Any CPU
		{0B12DEA1-002C-40DB-BA0A-74C979846C7A}.Release|Any CPU.Build.0 = Release|Any CPU
		{8C76EEE6-7AB9-474A-84C1-9A949543896B}.Debug|Any CPU.ActiveCfg = Debug|Any CPU
		{8C76EEE6-7AB9-474A-84C1-9A949543896B}.Debug|Any CPU.Build.0 = Debug|Any CPU
		{8C76EEE6-7AB9-474A-84C1-9A949543896B}.Release|Any CPU.ActiveCfg = Release|Any CPU
		{8C76EEE6-7AB9-474A-84C1-9A949543896B}.Release|Any CPU.Build.0 = Release|Any CPU
		{0C60E30D-3907-4CCA-B1F5-920A65A5E7AE}.Debug|Any CPU.ActiveCfg = Debug|Any CPU
		{0C60E30D-3907-4CCA-B1F5-920A65A5E7AE}.Debug|Any CPU.Build.0 = Debug|Any CPU
		{0C60E30D-3907-4CCA-B1F5-920A65A5E7AE}.Release|Any CPU.ActiveCfg = Release|Any CPU
		{0C60E30D-3907-4CCA-B1F5-920A65A5E7AE}.Release|Any CPU.Build.0 = Release|Any CPU
		{0746F39C-25A5-49AC-B68B-43569B3CEEC5}.Debug|Any CPU.ActiveCfg = Debug|Any CPU
		{0746F39C-25A5-49AC-B68B-43569B3CEEC5}.Debug|Any CPU.Build.0 = Debug|Any CPU
		{0746F39C-25A5-49AC-B68B-43569B3CEEC5}.Debug|Any CPU.Deploy.0 = Debug|Any CPU
		{0746F39C-25A5-49AC-B68B-43569B3CEEC5}.Release|Any CPU.ActiveCfg = Release|Any CPU
		{0746F39C-25A5-49AC-B68B-43569B3CEEC5}.Release|Any CPU.Build.0 = Release|Any CPU
		{F5107105-5881-4ED1-87BC-36B610E86162}.Debug|Any CPU.ActiveCfg = Debug|Any CPU
		{F5107105-5881-4ED1-87BC-36B610E86162}.Debug|Any CPU.Build.0 = Debug|Any CPU
		{F5107105-5881-4ED1-87BC-36B610E86162}.Debug|Any CPU.Deploy.0 = Debug|Any CPU
		{F5107105-5881-4ED1-87BC-36B610E86162}.Release|Any CPU.ActiveCfg = Release|Any CPU
		{F5107105-5881-4ED1-87BC-36B610E86162}.Release|Any CPU.Build.0 = Release|Any CPU
		{836E4E18-F35C-40A9-BE74-885B7CD3E3E3}.Debug|Any CPU.ActiveCfg = Debug|Any CPU
		{836E4E18-F35C-40A9-BE74-885B7CD3E3E3}.Debug|Any CPU.Build.0 = Debug|Any CPU
		{836E4E18-F35C-40A9-BE74-885B7CD3E3E3}.Debug|Any CPU.Deploy.0 = Debug|Any CPU
		{836E4E18-F35C-40A9-BE74-885B7CD3E3E3}.Release|Any CPU.ActiveCfg = Release|Any CPU
		{836E4E18-F35C-40A9-BE74-885B7CD3E3E3}.Release|Any CPU.Build.0 = Release|Any CPU
		{11F46F86-44B6-4CBA-8AA9-627EDD98242B}.Debug|Any CPU.ActiveCfg = Debug|Any CPU
		{11F46F86-44B6-4CBA-8AA9-627EDD98242B}.Debug|Any CPU.Build.0 = Debug|Any CPU
		{11F46F86-44B6-4CBA-8AA9-627EDD98242B}.Release|Any CPU.ActiveCfg = Release|Any CPU
		{11F46F86-44B6-4CBA-8AA9-627EDD98242B}.Release|Any CPU.Build.0 = Release|Any CPU
	EndGlobalSection
	GlobalSection(SolutionProperties) = preSolution
		HideSolutionNode = FALSE
	EndGlobalSection
	GlobalSection(NestedProjects) = preSolution
		{96B7DE35-7190-4F5A-9580-285991671B98} = {02EA681E-C7D8-13C7-8484-4AC65E1B71E8}
		{3B164DCE-0616-C59E-4F3E-C9AEC15AD595} = {02EA681E-C7D8-13C7-8484-4AC65E1B71E8}
		{1061C43F-7CB7-4D75-9BA3-45E5181DBBF6} = {7C3FDBD7-0F42-4FE0-9690-BE5C41E2C934}
		{C7217C22-51EF-49E5-9FB1-AAD2769BE98C} = {1061C43F-7CB7-4D75-9BA3-45E5181DBBF6}
		{38856ACC-7C49-4FCB-97AF-D4945D80F59C} = {7C3FDBD7-0F42-4FE0-9690-BE5C41E2C934}
		{741EA468-FD84-4E9F-BA26-72DF3A048BA8} = {38856ACC-7C49-4FCB-97AF-D4945D80F59C}
		{FAAEE430-6040-480F-A791-B3D0B5D5A3B1} = {7C3FDBD7-0F42-4FE0-9690-BE5C41E2C934}
		{1439B137-1D44-595C-EF47-0EF3FA5FA2A9} = {B7F97FF2-250D-4BB5-BAD2-8301C3C3A446}
		{0746F39C-25A5-49AC-B68B-43569B3CEEC5} = {38856ACC-7C49-4FCB-97AF-D4945D80F59C}
		{F5107105-5881-4ED1-87BC-36B610E86162} = {38856ACC-7C49-4FCB-97AF-D4945D80F59C}
		{836E4E18-F35C-40A9-BE74-885B7CD3E3E3} = {1061C43F-7CB7-4D75-9BA3-45E5181DBBF6}
		{11F46F86-44B6-4CBA-8AA9-627EDD98242B} = {1061C43F-7CB7-4D75-9BA3-45E5181DBBF6}
	EndGlobalSection
	GlobalSection(ExtensibilityGlobals) = postSolution
		SolutionGuid = {89F906B3-AB15-4220-8D79-28EC680117C2}
	EndGlobalSection
EndGlobal
